// !$*UTF8*$!
{
	archiveVersion = 1;
	classes = {
	};
	objectVersion = 45;
	objects = {

/* Begin PBXBuildFile section */
		071F0A87103E462C00D2AFDB /* GDLicensing.h in Headers */ = {isa = PBXBuildFile; fileRef = 071F0A85103E462C00D2AFDB /* GDLicensing.h */; settings = {ATTRIBUTES = (Public, ); }; };
		0720180D103E66B50007B6E0 /* NSSharedUserDefaults+Additions.h in Headers */ = {isa = PBXBuildFile; fileRef = 0720180B103E66B50007B6E0 /* NSSharedUserDefaults+Additions.h */; settings = {ATTRIBUTES = (Public, ); }; };
		0720180E103E66B50007B6E0 /* NSSharedUserDefaults+Additions.m in Sources */ = {isa = PBXBuildFile; fileRef = 0720180C103E66B50007B6E0 /* NSSharedUserDefaults+Additions.m */; };
		07201817103E67D20007B6E0 /* Foundation.framework in Frameworks */ = {isa = PBXBuildFile; fileRef = 0867D69BFE84028FC02AAC07 /* Foundation.framework */; };
		072018D1103E6AF50007B6E0 /* GDRegistration.h in Headers */ = {isa = PBXBuildFile; fileRef = 072018CF103E6AF50007B6E0 /* GDRegistration.h */; settings = {ATTRIBUTES = (Public, ); }; };
		072018D2103E6AF50007B6E0 /* GDRegistration.m in Sources */ = {isa = PBXBuildFile; fileRef = 072018D0103E6AF50007B6E0 /* GDRegistration.m */; };
		0720BF3E102F4A5200FB009B /* Cocoa.framework in Frameworks */ = {isa = PBXBuildFile; fileRef = 0720BF3D102F4A5200FB009B /* Cocoa.framework */; };
		0720BFE6102F4DC100FB009B /* GDKit.h in Headers */ = {isa = PBXBuildFile; fileRef = 0720BFE5102F4DC100FB009B /* GDKit.h */; settings = {ATTRIBUTES = (Public, ); }; };
		0720C008102F4FBB00FB009B /* NSFileManager+GDFileManager.h in Headers */ = {isa = PBXBuildFile; fileRef = 0720C007102F4FBB00FB009B /* NSFileManager+GDFileManager.h */; settings = {ATTRIBUTES = (Public, ); }; };
		0720C00A102F503500FB009B /* NSFileManager+GDFileManager.m in Sources */ = {isa = PBXBuildFile; fileRef = 0720C009102F503500FB009B /* NSFileManager+GDFileManager.m */; };
		0720C79A1030FB8400FB009B /* NSWorkspace+WorkspaceAdditions.h in Headers */ = {isa = PBXBuildFile; fileRef = 0720C7981030FB8400FB009B /* NSWorkspace+WorkspaceAdditions.h */; settings = {ATTRIBUTES = (Public, ); }; };
		0720C79B1030FB8400FB009B /* NSWorkspace+WorkspaceAdditions.m in Sources */ = {isa = PBXBuildFile; fileRef = 0720C7991030FB8400FB009B /* NSWorkspace+WorkspaceAdditions.m */; };
		0720C7A21031017800FB009B /* GDCarbonEvent.h in Headers */ = {isa = PBXBuildFile; fileRef = 0720C7A01031017800FB009B /* GDCarbonEvent.h */; settings = {ATTRIBUTES = (Public, ); }; };
		0720C7A31031017800FB009B /* GDCarbonEvent.m in Sources */ = {isa = PBXBuildFile; fileRef = 0720C7A11031017800FB009B /* GDCarbonEvent.m */; };
		0720C8241031065C00FB009B /* Carbon.framework in Frameworks */ = {isa = PBXBuildFile; fileRef = 0720C8231031065C00FB009B /* Carbon.framework */; };
		0723F6CC10314ECE00EF92B4 /* NSStatusItem+StatusItemAdditions.h in Headers */ = {isa = PBXBuildFile; fileRef = 0723F6CA10314ECE00EF92B4 /* NSStatusItem+StatusItemAdditions.h */; settings = {ATTRIBUTES = (Public, ); }; };
		0723F6CD10314ECE00EF92B4 /* NSStatusItem+StatusItemAdditions.m in Sources */ = {isa = PBXBuildFile; fileRef = 0723F6CB10314ECE00EF92B4 /* NSStatusItem+StatusItemAdditions.m */; };
		0749DE8B1037C575001AA650 /* CocoaAdditions.h in Headers */ = {isa = PBXBuildFile; fileRef = 0749DE8A1037C575001AA650 /* CocoaAdditions.h */; settings = {ATTRIBUTES = (Public, ); }; };
		0749E35110390ECD001AA650 /* GDULimit.h in Headers */ = {isa = PBXBuildFile; fileRef = 0749E34F10390ECD001AA650 /* GDULimit.h */; settings = {ATTRIBUTES = (Public, ); }; };
		0749E35210390ECD001AA650 /* GDULimit.m in Sources */ = {isa = PBXBuildFile; fileRef = 0749E35010390ECD001AA650 /* GDULimit.m */; };
		0749E6F310394C72001AA650 /* GDDisplayState.h in Headers */ = {isa = PBXBuildFile; fileRef = 0749E6F110394C72001AA650 /* GDDisplayState.h */; };
		0749E6F410394C72001AA650 /* GDDisplayState.m in Sources */ = {isa = PBXBuildFile; fileRef = 0749E6F210394C72001AA650 /* GDDisplayState.m */; };
		0749E6F710394DCD001AA650 /* GDQuartzDisplay.h in Headers */ = {isa = PBXBuildFile; fileRef = 0749E6F510394DCD001AA650 /* GDQuartzDisplay.h */; settings = {ATTRIBUTES = (Public, ); }; };
		0749E6F810394DCD001AA650 /* GDQuartzDisplay.m in Sources */ = {isa = PBXBuildFile; fileRef = 0749E6F610394DCD001AA650 /* GDQuartzDisplay.m */; };
		078D52B51033A6F10033A770 /* GDCarbonEventManager.h in Headers */ = {isa = PBXBuildFile; fileRef = 078D52B31033A6F10033A770 /* GDCarbonEventManager.h */; settings = {ATTRIBUTES = (Public, ); }; };
		078D52B61033A6F10033A770 /* GDCarbonEventManager.m in Sources */ = {isa = PBXBuildFile; fileRef = 078D52B41033A6F10033A770 /* GDCarbonEventManager.m */; };
		078D5E2610366CAD0033A770 /* GDASLLog.h in Headers */ = {isa = PBXBuildFile; fileRef = 078D5E2410366CAD0033A770 /* GDASLLog.h */; settings = {ATTRIBUTES = (Public, ); }; };
		078D5E2710366CAD0033A770 /* GDASLLog.m in Sources */ = {isa = PBXBuildFile; fileRef = 078D5E2510366CAD0033A770 /* GDASLLog.m */; };
		078D5E41103675880033A770 /* GDASLLogManager.h in Headers */ = {isa = PBXBuildFile; fileRef = 078D5E3F103675880033A770 /* GDASLLogManager.h */; settings = {ATTRIBUTES = (Public, ); }; };
		078D5E42103675880033A770 /* GDASLLogManager.m in Sources */ = {isa = PBXBuildFile; fileRef = 078D5E40103675880033A770 /* GDASLLogManager.m */; };
		07A5963D10534DD700F95BEA /* GDActiveApplicationStack.h in Headers */ = {isa = PBXBuildFile; fileRef = 07A5963B10534DD700F95BEA /* GDActiveApplicationStack.h */; settings = {ATTRIBUTES = (Public, ); }; };
		07A5963E10534DD700F95BEA /* GDActiveApplicationStack.m in Sources */ = {isa = PBXBuildFile; fileRef = 07A5963C10534DD700F95BEA /* GDActiveApplicationStack.m */; };
		07C034371052653300510FE9 /* GDUnsanitySCR.h in Headers */ = {isa = PBXBuildFile; fileRef = 07C034351052653300510FE9 /* GDUnsanitySCR.h */; settings = {ATTRIBUTES = (Public, ); }; };
		07C034381052653300510FE9 /* GDUnsanitySCR.m in Sources */ = {isa = PBXBuildFile; fileRef = 07C034361052653300510FE9 /* GDUnsanitySCR.m */; };
		07D4F7FE1050F36A00907918 /* CarbonEvents.h in Headers */ = {isa = PBXBuildFile; fileRef = 07D4F7FD1050F36A00907918 /* CarbonEvents.h */; settings = {ATTRIBUTES = (Public, ); }; };
/* End PBXBuildFile section */

/* Begin PBXFileReference section */
		071F0A85103E462C00D2AFDB /* GDLicensing.h */ = {isa = PBXFileReference; fileEncoding = 4; lastKnownFileType = sourcecode.c.h; path = GDLicensing.h; sourceTree = "<group>"; };
		0720180B103E66B50007B6E0 /* NSSharedUserDefaults+Additions.h */ = {isa = PBXFileReference; fileEncoding = 4; lastKnownFileType = sourcecode.c.h; path = "NSSharedUserDefaults+Additions.h"; sourceTree = "<group>"; };
		0720180C103E66B50007B6E0 /* NSSharedUserDefaults+Additions.m */ = {isa = PBXFileReference; fileEncoding = 4; lastKnownFileType = sourcecode.c.objc; path = "NSSharedUserDefaults+Additions.m"; sourceTree = "<group>"; };
		072018CF103E6AF50007B6E0 /* GDRegistration.h */ = {isa = PBXFileReference; fileEncoding = 4; lastKnownFileType = sourcecode.c.h; path = GDRegistration.h; sourceTree = "<group>"; };
		072018D0103E6AF50007B6E0 /* GDRegistration.m */ = {isa = PBXFileReference; fileEncoding = 4; lastKnownFileType = sourcecode.c.objc; path = GDRegistration.m; sourceTree = "<group>"; };
		0720BF38102F4A4700FB009B /* GDKit.framework */ = {isa = PBXFileReference; explicitFileType = wrapper.framework; includeInIndex = 0; path = GDKit.framework; sourceTree = BUILT_PRODUCTS_DIR; };
		0720BF3D102F4A5200FB009B /* Cocoa.framework */ = {isa = PBXFileReference; lastKnownFileType = wrapper.framework; name = Cocoa.framework; path = System/Library/Frameworks/Cocoa.framework; sourceTree = SDKROOT; };
		0720BFE5102F4DC100FB009B /* GDKit.h */ = {isa = PBXFileReference; fileEncoding = 4; lastKnownFileType = sourcecode.c.h; path = GDKit.h; sourceTree = "<group>"; };
		0720C007102F4FBB00FB009B /* NSFileManager+GDFileManager.h */ = {isa = PBXFileReference; fileEncoding = 4; lastKnownFileType = sourcecode.c.h; path = "NSFileManager+GDFileManager.h"; sourceTree = "<group>"; };
		0720C009102F503500FB009B /* NSFileManager+GDFileManager.m */ = {isa = PBXFileReference; fileEncoding = 4; lastKnownFileType = sourcecode.c.objc; path = "NSFileManager+GDFileManager.m"; sourceTree = "<group>"; };
		0720C7981030FB8400FB009B /* NSWorkspace+WorkspaceAdditions.h */ = {isa = PBXFileReference; fileEncoding = 4; lastKnownFileType = sourcecode.c.h; path = "NSWorkspace+WorkspaceAdditions.h"; sourceTree = "<group>"; };
		0720C7991030FB8400FB009B /* NSWorkspace+WorkspaceAdditions.m */ = {isa = PBXFileReference; fileEncoding = 4; lastKnownFileType = sourcecode.c.objc; path = "NSWorkspace+WorkspaceAdditions.m"; sourceTree = "<group>"; };
		0720C7A01031017800FB009B /* GDCarbonEvent.h */ = {isa = PBXFileReference; fileEncoding = 4; lastKnownFileType = sourcecode.c.h; path = GDCarbonEvent.h; sourceTree = "<group>"; };
		0720C7A11031017800FB009B /* GDCarbonEvent.m */ = {isa = PBXFileReference; fileEncoding = 4; lastKnownFileType = sourcecode.c.objc; path = GDCarbonEvent.m; sourceTree = "<group>"; };
		0720C8231031065C00FB009B /* Carbon.framework */ = {isa = PBXFileReference; lastKnownFileType = wrapper.framework; name = Carbon.framework; path = System/Library/Frameworks/Carbon.framework; sourceTree = SDKROOT; };
		0723F6CA10314ECE00EF92B4 /* NSStatusItem+StatusItemAdditions.h */ = {isa = PBXFileReference; fileEncoding = 4; lastKnownFileType = sourcecode.c.h; path = "NSStatusItem+StatusItemAdditions.h"; sourceTree = "<group>"; };
		0723F6CB10314ECE00EF92B4 /* NSStatusItem+StatusItemAdditions.m */ = {isa = PBXFileReference; fileEncoding = 4; lastKnownFileType = sourcecode.c.objc; path = "NSStatusItem+StatusItemAdditions.m"; sourceTree = "<group>"; };
		0749DE8A1037C575001AA650 /* CocoaAdditions.h */ = {isa = PBXFileReference; fileEncoding = 4; lastKnownFileType = sourcecode.c.h; path = CocoaAdditions.h; sourceTree = "<group>"; };
		0749E34F10390ECD001AA650 /* GDULimit.h */ = {isa = PBXFileReference; fileEncoding = 4; lastKnownFileType = sourcecode.c.h; path = GDULimit.h; sourceTree = "<group>"; };
		0749E35010390ECD001AA650 /* GDULimit.m */ = {isa = PBXFileReference; fileEncoding = 4; lastKnownFileType = sourcecode.c.objc; path = GDULimit.m; sourceTree = "<group>"; };
		0749E6F110394C72001AA650 /* GDDisplayState.h */ = {isa = PBXFileReference; fileEncoding = 4; lastKnownFileType = sourcecode.c.h; path = GDDisplayState.h; sourceTree = "<group>"; };
		0749E6F210394C72001AA650 /* GDDisplayState.m */ = {isa = PBXFileReference; fileEncoding = 4; lastKnownFileType = sourcecode.c.objc; path = GDDisplayState.m; sourceTree = "<group>"; };
		0749E6F510394DCD001AA650 /* GDQuartzDisplay.h */ = {isa = PBXFileReference; fileEncoding = 4; lastKnownFileType = sourcecode.c.h; path = GDQuartzDisplay.h; sourceTree = "<group>"; };
		0749E6F610394DCD001AA650 /* GDQuartzDisplay.m */ = {isa = PBXFileReference; fileEncoding = 4; lastKnownFileType = sourcecode.c.objc; path = GDQuartzDisplay.m; sourceTree = "<group>"; };
		078D52B31033A6F10033A770 /* GDCarbonEventManager.h */ = {isa = PBXFileReference; fileEncoding = 4; lastKnownFileType = sourcecode.c.h; path = GDCarbonEventManager.h; sourceTree = "<group>"; };
		078D52B41033A6F10033A770 /* GDCarbonEventManager.m */ = {isa = PBXFileReference; fileEncoding = 4; lastKnownFileType = sourcecode.c.objc; path = GDCarbonEventManager.m; sourceTree = "<group>"; };
		078D5E2410366CAD0033A770 /* GDASLLog.h */ = {isa = PBXFileReference; fileEncoding = 4; lastKnownFileType = sourcecode.c.h; path = GDASLLog.h; sourceTree = "<group>"; };
		078D5E2510366CAD0033A770 /* GDASLLog.m */ = {isa = PBXFileReference; fileEncoding = 4; lastKnownFileType = sourcecode.c.objc; path = GDASLLog.m; sourceTree = "<group>"; };
		078D5E3F103675880033A770 /* GDASLLogManager.h */ = {isa = PBXFileReference; fileEncoding = 4; lastKnownFileType = sourcecode.c.h; path = GDASLLogManager.h; sourceTree = "<group>"; };
		078D5E40103675880033A770 /* GDASLLogManager.m */ = {isa = PBXFileReference; fileEncoding = 4; lastKnownFileType = sourcecode.c.objc; path = GDASLLogManager.m; sourceTree = "<group>"; };
		07A5963B10534DD700F95BEA /* GDActiveApplicationStack.h */ = {isa = PBXFileReference; fileEncoding = 4; lastKnownFileType = sourcecode.c.h; path = GDActiveApplicationStack.h; sourceTree = "<group>"; };
		07A5963C10534DD700F95BEA /* GDActiveApplicationStack.m */ = {isa = PBXFileReference; fileEncoding = 4; lastKnownFileType = sourcecode.c.objc; path = GDActiveApplicationStack.m; sourceTree = "<group>"; };
		07C034351052653300510FE9 /* GDUnsanitySCR.h */ = {isa = PBXFileReference; fileEncoding = 4; lastKnownFileType = sourcecode.c.h; path = GDUnsanitySCR.h; sourceTree = "<group>"; };
		07C034361052653300510FE9 /* GDUnsanitySCR.m */ = {isa = PBXFileReference; fileEncoding = 4; lastKnownFileType = sourcecode.c.objc; path = GDUnsanitySCR.m; sourceTree = "<group>"; };
		07D4F7FD1050F36A00907918 /* CarbonEvents.h */ = {isa = PBXFileReference; fileEncoding = 4; lastKnownFileType = sourcecode.c.h; path = CarbonEvents.h; sourceTree = "<group>"; };
		0867D69BFE84028FC02AAC07 /* Foundation.framework */ = {isa = PBXFileReference; lastKnownFileType = wrapper.framework; name = Foundation.framework; path = /System/Library/Frameworks/Foundation.framework; sourceTree = "<absolute>"; };
		0867D6A5FE840307C02AAC07 /* AppKit.framework */ = {isa = PBXFileReference; lastKnownFileType = wrapper.framework; name = AppKit.framework; path = /System/Library/Frameworks/AppKit.framework; sourceTree = "<absolute>"; };
		089C1667FE841158C02AAC07 /* English */ = {isa = PBXFileReference; fileEncoding = 10; lastKnownFileType = text.plist.strings; name = English; path = English.lproj/InfoPlist.strings; sourceTree = "<group>"; };
		32DBCF5E0370ADEE00C91783 /* gdkit_Prefix.pch */ = {isa = PBXFileReference; fileEncoding = 4; lastKnownFileType = sourcecode.c.h; path = gdkit_Prefix.pch; sourceTree = "<group>"; };
		8DC2EF5A0486A6940098B216 /* Info.plist */ = {isa = PBXFileReference; fileEncoding = 4; lastKnownFileType = text.plist.xml; path = Info.plist; sourceTree = "<group>"; };
		D2F7E79907B2D74100F64583 /* CoreData.framework */ = {isa = PBXFileReference; lastKnownFileType = wrapper.framework; name = CoreData.framework; path = /System/Library/Frameworks/CoreData.framework; sourceTree = "<absolute>"; };
/* End PBXFileReference section */

/* Begin PBXFrameworksBuildPhase section */
		0720BF36102F4A4700FB009B /* Frameworks */ = {
			isa = PBXFrameworksBuildPhase;
			buildActionMask = 2147483647;
			files = (
				07201817103E67D20007B6E0 /* Foundation.framework in Frameworks */,
				0720BF3E102F4A5200FB009B /* Cocoa.framework in Frameworks */,
				0720C8241031065C00FB009B /* Carbon.framework in Frameworks */,
			);
			runOnlyForDeploymentPostprocessing = 0;
		};
/* End PBXFrameworksBuildPhase section */

/* Begin PBXGroup section */
		034768DFFF38A50411DB9C8B /* Products */ = {
			isa = PBXGroup;
			children = (
				0720BF38102F4A4700FB009B /* GDKit.framework */,
			);
			name = Products;
			sourceTree = "<group>";
		};
		0720BF46102F4A8500FB009B /* Headers */ = {
			isa = PBXGroup;
			children = (
				0720BFE5102F4DC100FB009B /* GDKit.h */,
				07D4F7FD1050F36A00907918 /* CarbonEvents.h */,
				0749DE8A1037C575001AA650 /* CocoaAdditions.h */,
				07A5963B10534DD700F95BEA /* GDActiveApplicationStack.h */,
				078D5E2410366CAD0033A770 /* GDASLLog.h */,
				078D5E3F103675880033A770 /* GDASLLogManager.h */,
				0720C7A01031017800FB009B /* GDCarbonEvent.h */,
				078D52B31033A6F10033A770 /* GDCarbonEventManager.h */,
				0749E6F110394C72001AA650 /* GDDisplayState.h */,
				071F0A85103E462C00D2AFDB /* GDLicensing.h */,
				0749E6F510394DCD001AA650 /* GDQuartzDisplay.h */,
				072018CF103E6AF50007B6E0 /* GDRegistration.h */,
				0749E34F10390ECD001AA650 /* GDULimit.h */,
				07C034351052653300510FE9 /* GDUnsanitySCR.h */,
				0720C007102F4FBB00FB009B /* NSFileManager+GDFileManager.h */,
				0720180B103E66B50007B6E0 /* NSSharedUserDefaults+Additions.h */,
				0723F6CA10314ECE00EF92B4 /* NSStatusItem+StatusItemAdditions.h */,
				0720C7981030FB8400FB009B /* NSWorkspace+WorkspaceAdditions.h */,
			);
			name = Headers;
			sourceTree = "<group>";
		};
		0867D691FE84028FC02AAC07 /* gdkit */ = {
			isa = PBXGroup;
			children = (
				0720BF46102F4A8500FB009B /* Headers */,
				08FB77AEFE84172EC02AAC07 /* Classes */,
				32C88DFF0371C24200C91783 /* Other Sources */,
				089C1665FE841158C02AAC07 /* Resources */,
				0867D69AFE84028FC02AAC07 /* External Frameworks and Libs */,
				034768DFFF38A50411DB9C8B /* Products */,
			);
			name = gdkit;
			sourceTree = "<group>";
		};
		0867D69AFE84028FC02AAC07 /* External Frameworks and Libs */ = {
			isa = PBXGroup;
			children = (
				1058C7B0FEA5585E11CA2CBB /* Linked Frameworks */,
				1058C7B2FEA5585E11CA2CBB /* Other Frameworks */,
			);
			name = "External Frameworks and Libs";
			sourceTree = "<group>";
		};
		089C1665FE841158C02AAC07 /* Resources */ = {
			isa = PBXGroup;
			children = (
				8DC2EF5A0486A6940098B216 /* Info.plist */,
				089C1666FE841158C02AAC07 /* InfoPlist.strings */,
			);
			name = Resources;
			sourceTree = "<group>";
		};
		08FB77AEFE84172EC02AAC07 /* Classes */ = {
			isa = PBXGroup;
			children = (
				07A5963C10534DD700F95BEA /* GDActiveApplicationStack.m */,
				078D5E2510366CAD0033A770 /* GDASLLog.m */,
				078D5E40103675880033A770 /* GDASLLogManager.m */,
				0720C7A11031017800FB009B /* GDCarbonEvent.m */,
				078D52B41033A6F10033A770 /* GDCarbonEventManager.m */,
				0749E6F210394C72001AA650 /* GDDisplayState.m */,
				0749E6F610394DCD001AA650 /* GDQuartzDisplay.m */,
				072018D0103E6AF50007B6E0 /* GDRegistration.m */,
				0749E35010390ECD001AA650 /* GDULimit.m */,
				07C034361052653300510FE9 /* GDUnsanitySCR.m */,
				0720C009102F503500FB009B /* NSFileManager+GDFileManager.m */,
				0720180C103E66B50007B6E0 /* NSSharedUserDefaults+Additions.m */,
				0723F6CB10314ECE00EF92B4 /* NSStatusItem+StatusItemAdditions.m */,
				0720C7991030FB8400FB009B /* NSWorkspace+WorkspaceAdditions.m */,
			);
			name = Classes;
			sourceTree = "<group>";
		};
		1058C7B0FEA5585E11CA2CBB /* Linked Frameworks */ = {
			isa = PBXGroup;
			children = (
				0720BF3D102F4A5200FB009B /* Cocoa.framework */,
				0720C8231031065C00FB009B /* Carbon.framework */,
			);
			name = "Linked Frameworks";
			sourceTree = "<group>";
		};
		1058C7B2FEA5585E11CA2CBB /* Other Frameworks */ = {
			isa = PBXGroup;
			children = (
				0867D6A5FE840307C02AAC07 /* AppKit.framework */,
				D2F7E79907B2D74100F64583 /* CoreData.framework */,
				0867D69BFE84028FC02AAC07 /* Foundation.framework */,
			);
			name = "Other Frameworks";
			sourceTree = "<group>";
		};
		32C88DFF0371C24200C91783 /* Other Sources */ = {
			isa = PBXGroup;
			children = (
				32DBCF5E0370ADEE00C91783 /* gdkit_Prefix.pch */,
			);
			name = "Other Sources";
			sourceTree = "<group>";
		};
/* End PBXGroup section */

/* Begin PBXHeadersBuildPhase section */
		0720BF33102F4A4700FB009B /* Headers */ = {
			isa = PBXHeadersBuildPhase;
			buildActionMask = 2147483647;
			files = (
				0720BFE6102F4DC100FB009B /* GDKit.h in Headers */,
				078D5E2610366CAD0033A770 /* GDASLLog.h in Headers */,
				078D5E41103675880033A770 /* GDASLLogManager.h in Headers */,
				0720C008102F4FBB00FB009B /* NSFileManager+GDFileManager.h in Headers */,
				0720C79A1030FB8400FB009B /* NSWorkspace+WorkspaceAdditions.h in Headers */,
				0720C7A21031017800FB009B /* GDCarbonEvent.h in Headers */,
				0723F6CC10314ECE00EF92B4 /* NSStatusItem+StatusItemAdditions.h in Headers */,
				078D52B51033A6F10033A770 /* GDCarbonEventManager.h in Headers */,
				0749DE8B1037C575001AA650 /* CocoaAdditions.h in Headers */,
				0749E35110390ECD001AA650 /* GDULimit.h in Headers */,
				0749E6F310394C72001AA650 /* GDDisplayState.h in Headers */,
				0749E6F710394DCD001AA650 /* GDQuartzDisplay.h in Headers */,
				071F0A87103E462C00D2AFDB /* GDLicensing.h in Headers */,
				0720180D103E66B50007B6E0 /* NSSharedUserDefaults+Additions.h in Headers */,
				072018D1103E6AF50007B6E0 /* GDRegistration.h in Headers */,
				07D4F7FE1050F36A00907918 /* CarbonEvents.h in Headers */,
				07C034371052653300510FE9 /* GDUnsanitySCR.h in Headers */,
				07A5963D10534DD700F95BEA /* GDActiveApplicationStack.h in Headers */,
			);
			runOnlyForDeploymentPostprocessing = 0;
		};
/* End PBXHeadersBuildPhase section */

/* Begin PBXNativeTarget section */
		0720BF37102F4A4700FB009B /* GDKit */ = {
			isa = PBXNativeTarget;
			buildConfigurationList = 0720BF3C102F4A4800FB009B /* Build configuration list for PBXNativeTarget "GDKit" */;
			buildPhases = (
				07201A7A103F93A60007B6E0 /* Update CFBundleVersion to Git Hash */,
				0720BF33102F4A4700FB009B /* Headers */,
				0720BF34102F4A4700FB009B /* Resources */,
				0720BF35102F4A4700FB009B /* Sources */,
				0720BF36102F4A4700FB009B /* Frameworks */,
			);
			buildRules = (
			);
			dependencies = (
			);
			name = GDKit;
			productName = GDKit;
			productReference = 0720BF38102F4A4700FB009B /* GDKit.framework */;
			productType = "com.apple.product-type.framework";
		};
/* End PBXNativeTarget section */

/* Begin PBXProject section */
		0867D690FE84028FC02AAC07 /* Project object */ = {
			isa = PBXProject;
			buildConfigurationList = 1DEB91B108733DA50010E9CD /* Build configuration list for PBXProject "gdkit" */;
			compatibilityVersion = "Xcode 3.1";
			hasScannedForEncodings = 1;
			mainGroup = 0867D691FE84028FC02AAC07 /* gdkit */;
			productRefGroup = 034768DFFF38A50411DB9C8B /* Products */;
			projectDirPath = "";
			projectRoot = "";
			targets = (
				0720BF37102F4A4700FB009B /* GDKit */,
			);
		};
/* End PBXProject section */

/* Begin PBXResourcesBuildPhase section */
		0720BF34102F4A4700FB009B /* Resources */ = {
			isa = PBXResourcesBuildPhase;
			buildActionMask = 2147483647;
			files = (
			);
			runOnlyForDeploymentPostprocessing = 0;
		};
/* End PBXResourcesBuildPhase section */

/* Begin PBXShellScriptBuildPhase section */
		07201A7A103F93A60007B6E0 /* Update CFBundleVersion to Git Hash */ = {
			isa = PBXShellScriptBuildPhase;
			buildActionMask = 2147483647;
			files = (
			);
			inputPaths = (
			);
			name = "Update CFBundleVersion to Git Hash";
			outputPaths = (
			);
			runOnlyForDeploymentPostprocessing = 0;
			shellPath = /bin/sh;
			shellScript = "PATH=${PATH}:/Users/aaronsmith/dev/bin\nGITV=`/opt/local/bin/git log -n1 --pretty=oneline --format=%h`\nupdate-plist-node.rb Info.plist CFBundleVersion $GITV\n";
		};
/* End PBXShellScriptBuildPhase section */

/* Begin PBXSourcesBuildPhase section */
		0720BF35102F4A4700FB009B /* Sources */ = {
			isa = PBXSourcesBuildPhase;
			buildActionMask = 2147483647;
			files = (
				0720C00A102F503500FB009B /* NSFileManager+GDFileManager.m in Sources */,
				0720C79B1030FB8400FB009B /* NSWorkspace+WorkspaceAdditions.m in Sources */,
				0720C7A31031017800FB009B /* GDCarbonEvent.m in Sources */,
				0723F6CD10314ECE00EF92B4 /* NSStatusItem+StatusItemAdditions.m in Sources */,
				078D52B61033A6F10033A770 /* GDCarbonEventManager.m in Sources */,
				078D5E2710366CAD0033A770 /* GDASLLog.m in Sources */,
				078D5E42103675880033A770 /* GDASLLogManager.m in Sources */,
				0749E35210390ECD001AA650 /* GDULimit.m in Sources */,
				0749E6F410394C72001AA650 /* GDDisplayState.m in Sources */,
				0749E6F810394DCD001AA650 /* GDQuartzDisplay.m in Sources */,
				0720180E103E66B50007B6E0 /* NSSharedUserDefaults+Additions.m in Sources */,
				072018D2103E6AF50007B6E0 /* GDRegistration.m in Sources */,
				07C034381052653300510FE9 /* GDUnsanitySCR.m in Sources */,
				07A5963E10534DD700F95BEA /* GDActiveApplicationStack.m in Sources */,
			);
			runOnlyForDeploymentPostprocessing = 0;
		};
/* End PBXSourcesBuildPhase section */

/* Begin PBXVariantGroup section */
		089C1666FE841158C02AAC07 /* InfoPlist.strings */ = {
			isa = PBXVariantGroup;
			children = (
				089C1667FE841158C02AAC07 /* English */,
			);
			name = InfoPlist.strings;
			sourceTree = "<group>";
		};
/* End PBXVariantGroup section */

/* Begin XCBuildConfiguration section */
		0720BF3A102F4A4800FB009B /* Debug */ = {
			isa = XCBuildConfiguration;
			buildSettings = {
				ALWAYS_SEARCH_USER_PATHS = NO;
				COPY_PHASE_STRIP = NO;
				DYLIB_COMPATIBILITY_VERSION = 1;
				DYLIB_CURRENT_VERSION = 1;
				FRAMEWORK_VERSION = A;
				GCC_DYNAMIC_NO_PIC = NO;
				GCC_ENABLE_FIX_AND_CONTINUE = YES;
				GCC_MODEL_TUNING = G5;
				GCC_OPTIMIZATION_LEVEL = 0;
				GCC_PRECOMPILE_PREFIX_HEADER = YES;
				GCC_PREFIX_HEADER = "$(SYSTEM_LIBRARY_DIR)/Frameworks/AppKit.framework/Headers/AppKit.h";
				INFOPLIST_FILE = Info.plist;
				INSTALL_PATH = "@loader_path/../Frameworks/";
				OTHER_LDFLAGS = (
					"-framework",
					Foundation,
					"-framework",
					AppKit,
				);
				PREBINDING = NO;
				PRODUCT_NAME = GDKit;
				RUN_CLANG_STATIC_ANALYZER = YES;
			};
			name = Debug;
		};
		0720BF3B102F4A4800FB009B /* Release */ = {
			isa = XCBuildConfiguration;
			buildSettings = {
				ALWAYS_SEARCH_USER_PATHS = NO;
				ARCHS = "$(ARCHS_STANDARD_32_64_BIT)";
				COPY_PHASE_STRIP = YES;
				DEBUG_INFORMATION_FORMAT = "dwarf-with-dsym";
				DYLIB_COMPATIBILITY_VERSION = 1;
				DYLIB_CURRENT_VERSION = 1;
				FRAMEWORK_VERSION = A;
				GCC_ENABLE_FIX_AND_CONTINUE = NO;
				GCC_MODEL_TUNING = G5;
				GCC_PRECOMPILE_PREFIX_HEADER = YES;
				GCC_PREFIX_HEADER = "$(SYSTEM_LIBRARY_DIR)/Frameworks/AppKit.framework/Headers/AppKit.h";
				INFOPLIST_FILE = Info.plist;
				INSTALL_PATH = "@loader_path/../Frameworks/";
				OTHER_LDFLAGS = (
					"-framework",
					Foundation,
					"-framework",
					AppKit,
				);
				PREBINDING = NO;
				PRODUCT_NAME = GDKit;
				RUN_CLANG_STATIC_ANALYZER = YES;
				SKIP_INSTALL = YES;
				ZERO_LINK = NO;
			};
			name = Release;
		};
		1DEB91B208733DA50010E9CD /* Debug */ = {
			isa = XCBuildConfiguration;
			buildSettings = {
				ARCHS = "$(ARCHS_STANDARD_32_64_BIT)";
				GCC_C_LANGUAGE_STANDARD = c99;
				GCC_OPTIMIZATION_LEVEL = 0;
				GCC_WARN_ABOUT_RETURN_TYPE = YES;
				GCC_WARN_UNUSED_VARIABLE = YES;
				HEADER_SEARCH_PATHS = /Users/aaronsmith/dev/xcode/scr/10.5;
				ONLY_ACTIVE_ARCH = YES;
				OTHER_LDFLAGS = "";
				PREBINDING = NO;
				SDKROOT = macosx10.5;
			};
			name = Debug;
		};
		1DEB91B308733DA50010E9CD /* Release */ = {
			isa = XCBuildConfiguration;
			buildSettings = {
				ARCHS = "$(ARCHS_STANDARD_32_BIT)";
				GCC_C_LANGUAGE_STANDARD = c99;
				GCC_WARN_ABOUT_RETURN_TYPE = YES;
				GCC_WARN_UNUSED_VARIABLE = YES;
				HEADER_SEARCH_PATHS = /Users/aaronsmith/dev/xcode/scr/10.5;
				OTHER_LDFLAGS = "";
				PREBINDING = NO;
				SDKROOT = macosx10.5;
			};
			name = Release;
		};
/* End XCBuildConfiguration section */

/* Begin XCConfigurationList section */
		0720BF3C102F4A4800FB009B /* Build configuration list for PBXNativeTarget "GDKit" */ = {
			isa = XCConfigurationList;
			buildConfigurations = (
				0720BF3A102F4A4800FB009B /* Debug */,
				0720BF3B102F4A4800FB009B /* Release */,
			);
			defaultConfigurationIsVisible = 0;
			defaultConfigurationName = Release;
		};
		1DEB91B108733DA50010E9CD /* Build configuration list for PBXProject "gdkit" */ = {
			isa = XCConfigurationList;
			buildConfigurations = (
				1DEB91B208733DA50010E9CD /* Debug */,
				1DEB91B308733DA50010E9CD /* Release */,
			);
			defaultConfigurationIsVisible = 0;
			defaultConfigurationName = Release;
		};
/* End XCConfigurationList section */
	};
	rootObject = 0867D690FE84028FC02AAC07 /* Project object */;
}
