// !$*UTF8*$!
{
	archiveVersion = 1;
	classes = {
	};
	objectVersion = 45;
	objects = {

/* Begin PBXBuildFile section */
		07437B3A118A3B9D00EAD978 /* UIKit.framework in Frameworks */ = {isa = PBXBuildFile; fileRef = 07437B39118A3B9D00EAD978 /* UIKit.framework */; };
		07437EAA118A546B00EAD978 /* UIColor+Additions.h in Headers */ = {isa = PBXBuildFile; fileRef = 07437E9E118A546A00EAD978 /* UIColor+Additions.h */; settings = {ATTRIBUTES = (Public, ); }; };
		07437EAB118A546B00EAD978 /* UIColor+Additions.m in Sources */ = {isa = PBXBuildFile; fileRef = 07437E9F118A546A00EAD978 /* UIColor+Additions.m */; };
		07437EAC118A546B00EAD978 /* UIImage+Additions.h in Headers */ = {isa = PBXBuildFile; fileRef = 07437EA0118A546A00EAD978 /* UIImage+Additions.h */; settings = {ATTRIBUTES = (Public, ); }; };
		07437EAD118A546B00EAD978 /* UIImage+Additions.m in Sources */ = {isa = PBXBuildFile; fileRef = 07437EA1118A546A00EAD978 /* UIImage+Additions.m */; };
		07437EAE118A546B00EAD978 /* UITableViewDataProvider.h in Headers */ = {isa = PBXBuildFile; fileRef = 07437EA2118A546A00EAD978 /* UITableViewDataProvider.h */; settings = {ATTRIBUTES = (Public, ); }; };
		07437EAF118A546B00EAD978 /* UITableViewDataProvider.m in Sources */ = {isa = PBXBuildFile; fileRef = 07437EA3118A546A00EAD978 /* UITableViewDataProvider.m */; };
		07437EB0118A546B00EAD978 /* UITableViewGroup.h in Headers */ = {isa = PBXBuildFile; fileRef = 07437EA4118A546A00EAD978 /* UITableViewGroup.h */; settings = {ATTRIBUTES = (Public, ); }; };
		07437EB1118A546B00EAD978 /* UITableViewGroup.m in Sources */ = {isa = PBXBuildFile; fileRef = 07437EA5118A546A00EAD978 /* UITableViewGroup.m */; };
		07437EB2118A546B00EAD978 /* UITableViewRow.h in Headers */ = {isa = PBXBuildFile; fileRef = 07437EA6118A546A00EAD978 /* UITableViewRow.h */; settings = {ATTRIBUTES = (Public, ); }; };
		07437EB3118A546B00EAD978 /* UITableViewRow.m in Sources */ = {isa = PBXBuildFile; fileRef = 07437EA7118A546B00EAD978 /* UITableViewRow.m */; };
		07437EB4118A546B00EAD978 /* UIView+Additions.h in Headers */ = {isa = PBXBuildFile; fileRef = 07437EA8118A546B00EAD978 /* UIView+Additions.h */; settings = {ATTRIBUTES = (Public, ); }; };
		07437EB5118A546B00EAD978 /* UIView+Additions.m in Sources */ = {isa = PBXBuildFile; fileRef = 07437EA9118A546B00EAD978 /* UIView+Additions.m */; };
		07437EC9118A54DA00EAD978 /* GDKit-iPhone.h in Headers */ = {isa = PBXBuildFile; fileRef = 07437EC8118A54DA00EAD978 /* GDKit-iPhone.h */; settings = {ATTRIBUTES = (Public, ); }; };
		07437ED5118A54F500EAD978 /* GDASLLog.h in Headers */ = {isa = PBXBuildFile; fileRef = 07437ECD118A54F500EAD978 /* GDASLLog.h */; settings = {ATTRIBUTES = (Public, ); }; };
		07437ED6118A54F500EAD978 /* GDASLLog.m in Sources */ = {isa = PBXBuildFile; fileRef = 07437ECE118A54F500EAD978 /* GDASLLog.m */; };
		07437ED7118A54F500EAD978 /* GDCallback.h in Headers */ = {isa = PBXBuildFile; fileRef = 07437ECF118A54F500EAD978 /* GDCallback.h */; settings = {ATTRIBUTES = (Public, ); }; };
		07437ED8118A54F500EAD978 /* GDCallback.m in Sources */ = {isa = PBXBuildFile; fileRef = 07437ED0118A54F500EAD978 /* GDCallback.m */; };
		07437ED9118A54F500EAD978 /* NSString+Additions.h in Headers */ = {isa = PBXBuildFile; fileRef = 07437ED1118A54F500EAD978 /* NSString+Additions.h */; settings = {ATTRIBUTES = (Public, ); }; };
		07437EDA118A54F500EAD978 /* NSString+Additions.m in Sources */ = {isa = PBXBuildFile; fileRef = 07437ED2118A54F500EAD978 /* NSString+Additions.m */; };
		07437EDB118A54F500EAD978 /* NSUserDefaults+Additions.h in Headers */ = {isa = PBXBuildFile; fileRef = 07437ED3118A54F500EAD978 /* NSUserDefaults+Additions.h */; settings = {ATTRIBUTES = (Public, ); }; };
		07437EDC118A54F500EAD978 /* NSUserDefaults+Additions.m in Sources */ = {isa = PBXBuildFile; fileRef = 07437ED4118A54F500EAD978 /* NSUserDefaults+Additions.m */; };
		07437F02118A553400EAD978 /* macros.h in Headers */ = {isa = PBXBuildFile; fileRef = 07437F01118A553400EAD978 /* macros.h */; settings = {ATTRIBUTES = (Public, ); }; };
		077EDAA0118A86DA004ED780 /* GDPrintUtils.h in Headers */ = {isa = PBXBuildFile; fileRef = 077EDA9E118A86DA004ED780 /* GDPrintUtils.h */; settings = {ATTRIBUTES = (Public, ); }; };
		077EDAA1118A86DA004ED780 /* GDPrintUtils.m in Sources */ = {isa = PBXBuildFile; fileRef = 077EDA9F118A86DA004ED780 /* GDPrintUtils.m */; };
		077EDB8C118A9DD2004ED780 /* GDQuartzUtils.h in Headers */ = {isa = PBXBuildFile; fileRef = 077EDB8A118A9DD1004ED780 /* GDQuartzUtils.h */; settings = {ATTRIBUTES = (Public, ); }; };
		077EDB8D118A9DD2004ED780 /* GDQuartzUtils.m in Sources */ = {isa = PBXBuildFile; fileRef = 077EDB8B118A9DD1004ED780 /* GDQuartzUtils.m */; };
		077EDC28118AB6BB004ED780 /* GDAccelerometer.h in Headers */ = {isa = PBXBuildFile; fileRef = 077EDC26118AB6BB004ED780 /* GDAccelerometer.h */; settings = {ATTRIBUTES = (Public, ); }; };
		077EDC29118AB6BB004ED780 /* GDAccelerometer.m in Sources */ = {isa = PBXBuildFile; fileRef = 077EDC27118AB6BB004ED780 /* GDAccelerometer.m */; };
		07E2114E11A5144900651452 /* NSObject+Additions.h in Headers */ = {isa = PBXBuildFile; fileRef = 07E2114C11A5144900651452 /* NSObject+Additions.h */; settings = {ATTRIBUTES = (Public, ); }; };
		07E2114F11A5144900651452 /* NSObject+Additions.m in Sources */ = {isa = PBXBuildFile; fileRef = 07E2114D11A5144900651452 /* NSObject+Additions.m */; };
		AACBBE4A0F95108600F1A2B1 /* Foundation.framework in Frameworks */ = {isa = PBXBuildFile; fileRef = AACBBE490F95108600F1A2B1 /* Foundation.framework */; };
/* End PBXBuildFile section */

/* Begin PBXFileReference section */
		07437B39118A3B9D00EAD978 /* UIKit.framework */ = {isa = PBXFileReference; lastKnownFileType = wrapper.framework; name = UIKit.framework; path = System/Library/Frameworks/UIKit.framework; sourceTree = SDKROOT; };
		07437E9E118A546A00EAD978 /* UIColor+Additions.h */ = {isa = PBXFileReference; fileEncoding = 4; lastKnownFileType = sourcecode.c.h; name = "UIColor+Additions.h"; path = "source/UIColor+Additions.h"; sourceTree = "<group>"; };
		07437E9F118A546A00EAD978 /* UIColor+Additions.m */ = {isa = PBXFileReference; fileEncoding = 4; lastKnownFileType = sourcecode.c.objc; name = "UIColor+Additions.m"; path = "source/UIColor+Additions.m"; sourceTree = "<group>"; };
		07437EA0118A546A00EAD978 /* UIImage+Additions.h */ = {isa = PBXFileReference; fileEncoding = 4; lastKnownFileType = sourcecode.c.h; name = "UIImage+Additions.h"; path = "source/UIImage+Additions.h"; sourceTree = "<group>"; };
		07437EA1118A546A00EAD978 /* UIImage+Additions.m */ = {isa = PBXFileReference; fileEncoding = 4; lastKnownFileType = sourcecode.c.objc; name = "UIImage+Additions.m"; path = "source/UIImage+Additions.m"; sourceTree = "<group>"; };
		07437EA2118A546A00EAD978 /* UITableViewDataProvider.h */ = {isa = PBXFileReference; fileEncoding = 4; lastKnownFileType = sourcecode.c.h; name = UITableViewDataProvider.h; path = source/UITableViewDataProvider.h; sourceTree = "<group>"; };
		07437EA3118A546A00EAD978 /* UITableViewDataProvider.m */ = {isa = PBXFileReference; fileEncoding = 4; lastKnownFileType = sourcecode.c.objc; name = UITableViewDataProvider.m; path = source/UITableViewDataProvider.m; sourceTree = "<group>"; };
		07437EA4118A546A00EAD978 /* UITableViewGroup.h */ = {isa = PBXFileReference; fileEncoding = 4; lastKnownFileType = sourcecode.c.h; name = UITableViewGroup.h; path = source/UITableViewGroup.h; sourceTree = "<group>"; };
		07437EA5118A546A00EAD978 /* UITableViewGroup.m */ = {isa = PBXFileReference; fileEncoding = 4; lastKnownFileType = sourcecode.c.objc; name = UITableViewGroup.m; path = source/UITableViewGroup.m; sourceTree = "<group>"; };
		07437EA6118A546A00EAD978 /* UITableViewRow.h */ = {isa = PBXFileReference; fileEncoding = 4; lastKnownFileType = sourcecode.c.h; name = UITableViewRow.h; path = source/UITableViewRow.h; sourceTree = "<group>"; };
		07437EA7118A546B00EAD978 /* UITableViewRow.m */ = {isa = PBXFileReference; fileEncoding = 4; lastKnownFileType = sourcecode.c.objc; name = UITableViewRow.m; path = source/UITableViewRow.m; sourceTree = "<group>"; };
		07437EA8118A546B00EAD978 /* UIView+Additions.h */ = {isa = PBXFileReference; fileEncoding = 4; lastKnownFileType = sourcecode.c.h; name = "UIView+Additions.h"; path = "source/UIView+Additions.h"; sourceTree = "<group>"; };
		07437EA9118A546B00EAD978 /* UIView+Additions.m */ = {isa = PBXFileReference; fileEncoding = 4; lastKnownFileType = sourcecode.c.objc; name = "UIView+Additions.m"; path = "source/UIView+Additions.m"; sourceTree = "<group>"; };
		07437EC8118A54DA00EAD978 /* GDKit-iPhone.h */ = {isa = PBXFileReference; fileEncoding = 4; lastKnownFileType = sourcecode.c.h; name = "GDKit-iPhone.h"; path = "source/GDKit-iPhone.h"; sourceTree = "<group>"; };
		07437ECD118A54F500EAD978 /* GDASLLog.h */ = {isa = PBXFileReference; fileEncoding = 4; lastKnownFileType = sourcecode.c.h; name = GDASLLog.h; path = source/GDASLLog.h; sourceTree = "<group>"; };
		07437ECE118A54F500EAD978 /* GDASLLog.m */ = {isa = PBXFileReference; fileEncoding = 4; lastKnownFileType = sourcecode.c.objc; name = GDASLLog.m; path = source/GDASLLog.m; sourceTree = "<group>"; };
		07437ECF118A54F500EAD978 /* GDCallback.h */ = {isa = PBXFileReference; fileEncoding = 4; lastKnownFileType = sourcecode.c.h; name = GDCallback.h; path = source/GDCallback.h; sourceTree = "<group>"; };
		07437ED0118A54F500EAD978 /* GDCallback.m */ = {isa = PBXFileReference; fileEncoding = 4; lastKnownFileType = sourcecode.c.objc; name = GDCallback.m; path = source/GDCallback.m; sourceTree = "<group>"; };
		07437ED1118A54F500EAD978 /* NSString+Additions.h */ = {isa = PBXFileReference; fileEncoding = 4; lastKnownFileType = sourcecode.c.h; name = "NSString+Additions.h"; path = "source/NSString+Additions.h"; sourceTree = "<group>"; };
		07437ED2118A54F500EAD978 /* NSString+Additions.m */ = {isa = PBXFileReference; fileEncoding = 4; lastKnownFileType = sourcecode.c.objc; name = "NSString+Additions.m"; path = "source/NSString+Additions.m"; sourceTree = "<group>"; };
		07437ED3118A54F500EAD978 /* NSUserDefaults+Additions.h */ = {isa = PBXFileReference; fileEncoding = 4; lastKnownFileType = sourcecode.c.h; name = "NSUserDefaults+Additions.h"; path = "source/NSUserDefaults+Additions.h"; sourceTree = "<group>"; };
		07437ED4118A54F500EAD978 /* NSUserDefaults+Additions.m */ = {isa = PBXFileReference; fileEncoding = 4; lastKnownFileType = sourcecode.c.objc; name = "NSUserDefaults+Additions.m"; path = "source/NSUserDefaults+Additions.m"; sourceTree = "<group>"; };
		07437F01118A553400EAD978 /* macros.h */ = {isa = PBXFileReference; fileEncoding = 4; lastKnownFileType = sourcecode.c.h; name = macros.h; path = source/macros.h; sourceTree = "<group>"; };
		077EDA9E118A86DA004ED780 /* GDPrintUtils.h */ = {isa = PBXFileReference; fileEncoding = 4; lastKnownFileType = sourcecode.c.h; name = GDPrintUtils.h; path = source/GDPrintUtils.h; sourceTree = "<group>"; };
		077EDA9F118A86DA004ED780 /* GDPrintUtils.m */ = {isa = PBXFileReference; fileEncoding = 4; lastKnownFileType = sourcecode.c.objc; name = GDPrintUtils.m; path = source/GDPrintUtils.m; sourceTree = "<group>"; };
		077EDB8A118A9DD1004ED780 /* GDQuartzUtils.h */ = {isa = PBXFileReference; fileEncoding = 4; lastKnownFileType = sourcecode.c.h; name = GDQuartzUtils.h; path = source/GDQuartzUtils.h; sourceTree = "<group>"; };
		077EDB8B118A9DD1004ED780 /* GDQuartzUtils.m */ = {isa = PBXFileReference; fileEncoding = 4; lastKnownFileType = sourcecode.c.objc; name = GDQuartzUtils.m; path = source/GDQuartzUtils.m; sourceTree = "<group>"; };
		077EDC26118AB6BB004ED780 /* GDAccelerometer.h */ = {isa = PBXFileReference; fileEncoding = 4; lastKnownFileType = sourcecode.c.h; name = GDAccelerometer.h; path = source/GDAccelerometer.h; sourceTree = "<group>"; };
		077EDC27118AB6BB004ED780 /* GDAccelerometer.m */ = {isa = PBXFileReference; fileEncoding = 4; lastKnownFileType = sourcecode.c.objc; name = GDAccelerometer.m; path = source/GDAccelerometer.m; sourceTree = "<group>"; };
		07E2114C11A5144900651452 /* NSObject+Additions.h */ = {isa = PBXFileReference; fileEncoding = 4; lastKnownFileType = sourcecode.c.h; name = "NSObject+Additions.h"; path = "source/NSObject+Additions.h"; sourceTree = "<group>"; };
		07E2114D11A5144900651452 /* NSObject+Additions.m */ = {isa = PBXFileReference; fileEncoding = 4; lastKnownFileType = sourcecode.c.objc; name = "NSObject+Additions.m"; path = "source/NSObject+Additions.m"; sourceTree = "<group>"; };
		AA747D9E0F9514B9006C5449 /* gdkit_iphone_Prefix.pch */ = {isa = PBXFileReference; fileEncoding = 4; lastKnownFileType = sourcecode.c.h; name = gdkit_iphone_Prefix.pch; path = source/gdkit_iphone_Prefix.pch; sourceTree = "<group>"; };
		AACBBE490F95108600F1A2B1 /* Foundation.framework */ = {isa = PBXFileReference; lastKnownFileType = wrapper.framework; name = Foundation.framework; path = System/Library/Frameworks/Foundation.framework; sourceTree = SDKROOT; };
		D2AAC07E0554694100DB518D /* libGDKit-iPhone.a */ = {isa = PBXFileReference; explicitFileType = archive.ar; includeInIndex = 0; path = "libGDKit-iPhone.a"; sourceTree = BUILT_PRODUCTS_DIR; };
/* End PBXFileReference section */

/* Begin PBXFrameworksBuildPhase section */
		D2AAC07C0554694100DB518D /* Frameworks */ = {
			isa = PBXFrameworksBuildPhase;
			buildActionMask = 2147483647;
			files = (
				AACBBE4A0F95108600F1A2B1 /* Foundation.framework in Frameworks */,
				07437B3A118A3B9D00EAD978 /* UIKit.framework in Frameworks */,
			);
			runOnlyForDeploymentPostprocessing = 0;
		};
/* End PBXFrameworksBuildPhase section */

/* Begin PBXGroup section */
		034768DFFF38A50411DB9C8B /* Products */ = {
			isa = PBXGroup;
			children = (
				D2AAC07E0554694100DB518D /* libGDKit-iPhone.a */,
			);
			name = Products;
			sourceTree = "<group>";
		};
		07437B8A118A3BBD00EAD978 /* Headers */ = {
			isa = PBXGroup;
			children = (
				077EDC26118AB6BB004ED780 /* GDAccelerometer.h */,
				07437ECD118A54F500EAD978 /* GDASLLog.h */,
				07437ECF118A54F500EAD978 /* GDCallback.h */,
				07437EC8118A54DA00EAD978 /* GDKit-iPhone.h */,
				AA747D9E0F9514B9006C5449 /* gdkit_iphone_Prefix.pch */,
				077EDA9E118A86DA004ED780 /* GDPrintUtils.h */,
				077EDB8A118A9DD1004ED780 /* GDQuartzUtils.h */,
				07437F01118A553400EAD978 /* macros.h */,
				07E2114C11A5144900651452 /* NSObject+Additions.h */,
				07437ED1118A54F500EAD978 /* NSString+Additions.h */,
				07437ED3118A54F500EAD978 /* NSUserDefaults+Additions.h */,
				07437E9E118A546A00EAD978 /* UIColor+Additions.h */,
				07437EA0118A546A00EAD978 /* UIImage+Additions.h */,
				07437EA2118A546A00EAD978 /* UITableViewDataProvider.h */,
				07437EA4118A546A00EAD978 /* UITableViewGroup.h */,
				07437EA6118A546A00EAD978 /* UITableViewRow.h */,
				07437EA8118A546B00EAD978 /* UIView+Additions.h */,
			);
			name = Headers;
			sourceTree = "<group>";
		};
		0867D691FE84028FC02AAC07 /* gdkit-iphone */ = {
			isa = PBXGroup;
			children = (
				07437B8A118A3BBD00EAD978 /* Headers */,
				08FB77AEFE84172EC02AAC07 /* Source */,
				0867D69AFE84028FC02AAC07 /* Frameworks */,
				034768DFFF38A50411DB9C8B /* Products */,
			);
			name = "gdkit-iphone";
			sourceTree = "<group>";
		};
		0867D69AFE84028FC02AAC07 /* Frameworks */ = {
			isa = PBXGroup;
			children = (
				AACBBE490F95108600F1A2B1 /* Foundation.framework */,
				07437B39118A3B9D00EAD978 /* UIKit.framework */,
			);
			name = Frameworks;
			sourceTree = "<group>";
		};
		08FB77AEFE84172EC02AAC07 /* Source */ = {
			isa = PBXGroup;
			children = (
				077EDC27118AB6BB004ED780 /* GDAccelerometer.m */,
				07437ECE118A54F500EAD978 /* GDASLLog.m */,
				07437ED0118A54F500EAD978 /* GDCallback.m */,
				077EDA9F118A86DA004ED780 /* GDPrintUtils.m */,
				077EDB8B118A9DD1004ED780 /* GDQuartzUtils.m */,
				07E2114D11A5144900651452 /* NSObject+Additions.m */,
				07437ED2118A54F500EAD978 /* NSString+Additions.m */,
				07437ED4118A54F500EAD978 /* NSUserDefaults+Additions.m */,
				07437E9F118A546A00EAD978 /* UIColor+Additions.m */,
				07437EA1118A546A00EAD978 /* UIImage+Additions.m */,
				07437EA3118A546A00EAD978 /* UITableViewDataProvider.m */,
				07437EA5118A546A00EAD978 /* UITableViewGroup.m */,
				07437EA7118A546B00EAD978 /* UITableViewRow.m */,
				07437EA9118A546B00EAD978 /* UIView+Additions.m */,
			);
			name = Source;
			sourceTree = "<group>";
		};
/* End PBXGroup section */

/* Begin PBXHeadersBuildPhase section */
		D2AAC07A0554694100DB518D /* Headers */ = {
			isa = PBXHeadersBuildPhase;
			buildActionMask = 2147483647;
			files = (
				077EDC28118AB6BB004ED780 /* GDAccelerometer.h in Headers */,
				07437ED5118A54F500EAD978 /* GDASLLog.h in Headers */,
				07437ED7118A54F500EAD978 /* GDCallback.h in Headers */,
				07437EC9118A54DA00EAD978 /* GDKit-iPhone.h in Headers */,
				077EDAA0118A86DA004ED780 /* GDPrintUtils.h in Headers */,
				077EDB8C118A9DD2004ED780 /* GDQuartzUtils.h in Headers */,
				07437F02118A553400EAD978 /* macros.h in Headers */,
				07E2114E11A5144900651452 /* NSObject+Additions.h in Headers */,
				07437ED9118A54F500EAD978 /* NSString+Additions.h in Headers */,
				07437EDB118A54F500EAD978 /* NSUserDefaults+Additions.h in Headers */,
				07437EAA118A546B00EAD978 /* UIColor+Additions.h in Headers */,
				07437EAC118A546B00EAD978 /* UIImage+Additions.h in Headers */,
				07437EAE118A546B00EAD978 /* UITableViewDataProvider.h in Headers */,
				07437EB0118A546B00EAD978 /* UITableViewGroup.h in Headers */,
				07437EB2118A546B00EAD978 /* UITableViewRow.h in Headers */,
				07437EB4118A546B00EAD978 /* UIView+Additions.h in Headers */,
			);
			runOnlyForDeploymentPostprocessing = 0;
		};
/* End PBXHeadersBuildPhase section */

/* Begin PBXNativeTarget section */
		D2AAC07D0554694100DB518D /* GDKit-iPhone */ = {
			isa = PBXNativeTarget;
			buildConfigurationList = 1DEB921E08733DC00010E9CD /* Build configuration list for PBXNativeTarget "GDKit-iPhone" */;
			buildPhases = (
				D2AAC07A0554694100DB518D /* Headers */,
				D2AAC07B0554694100DB518D /* Sources */,
				D2AAC07C0554694100DB518D /* Frameworks */,
				0783BA52118BA241007EEB51 /* Gen Docs */,
			);
			buildRules = (
			);
			dependencies = (
			);
			name = "GDKit-iPhone";
			productName = "gdkit-iphone";
			productReference = D2AAC07E0554694100DB518D /* libGDKit-iPhone.a */;
			productType = "com.apple.product-type.library.static";
		};
/* End PBXNativeTarget section */

/* Begin PBXProject section */
		0867D690FE84028FC02AAC07 /* Project object */ = {
			isa = PBXProject;
			buildConfigurationList = 1DEB922208733DC00010E9CD /* Build configuration list for PBXProject "gdkit-iphone" */;
			compatibilityVersion = "Xcode 3.1";
			hasScannedForEncodings = 1;
			mainGroup = 0867D691FE84028FC02AAC07 /* gdkit-iphone */;
			productRefGroup = 034768DFFF38A50411DB9C8B /* Products */;
			projectDirPath = "";
			projectRoot = "";
			targets = (
				D2AAC07D0554694100DB518D /* GDKit-iPhone */,
			);
		};
/* End PBXProject section */

/* Begin PBXShellScriptBuildPhase section */
		0783BA52118BA241007EEB51 /* Gen Docs */ = {
			isa = PBXShellScriptBuildPhase;
			buildActionMask = 2147483647;
			files = (
			);
			inputPaths = (
			);
			name = "Gen Docs";
			outputPaths = (
			);
			runOnlyForDeploymentPostprocessing = 0;
			shellPath = /bin/sh;
			shellScript = "#/usr/local/bin/doxygen docs/doxygenconfig";
		};
/* End PBXShellScriptBuildPhase section */

/* Begin PBXSourcesBuildPhase section */
		D2AAC07B0554694100DB518D /* Sources */ = {
			isa = PBXSourcesBuildPhase;
			buildActionMask = 2147483647;
			files = (
				077EDC29118AB6BB004ED780 /* GDAccelerometer.m in Sources */,
				07437ED6118A54F500EAD978 /* GDASLLog.m in Sources */,
				07437ED8118A54F500EAD978 /* GDCallback.m in Sources */,
				077EDAA1118A86DA004ED780 /* GDPrintUtils.m in Sources */,
				077EDB8D118A9DD2004ED780 /* GDQuartzUtils.m in Sources */,
				07437EDA118A54F500EAD978 /* NSString+Additions.m in Sources */,
				07437EDC118A54F500EAD978 /* NSUserDefaults+Additions.m in Sources */,
				07437EAB118A546B00EAD978 /* UIColor+Additions.m in Sources */,
				07437EAD118A546B00EAD978 /* UIImage+Additions.m in Sources */,
				07437EAF118A546B00EAD978 /* UITableViewDataProvider.m in Sources */,
				07437EB1118A546B00EAD978 /* UITableViewGroup.m in Sources */,
				07437EB3118A546B00EAD978 /* UITableViewRow.m in Sources */,
				07437EB5118A546B00EAD978 /* UIView+Additions.m in Sources */,
				07E2114F11A5144900651452 /* NSObject+Additions.m in Sources */,
			);
			runOnlyForDeploymentPostprocessing = 0;
		};
/* End PBXSourcesBuildPhase section */

/* Begin XCBuildConfiguration section */
		1DEB921F08733DC00010E9CD /* Debug */ = {
			isa = XCBuildConfiguration;
			buildSettings = {
				ALWAYS_SEARCH_USER_PATHS = NO;
				ARCHS = "$(ARCHS_STANDARD_32_BIT)";
				COPY_PHASE_STRIP = NO;
				DSTROOT = /tmp/gdkit_iphone.dst;
				GCC_DYNAMIC_NO_PIC = NO;
				GCC_ENABLE_FIX_AND_CONTINUE = YES;
				GCC_MODEL_TUNING = G5;
				GCC_OPTIMIZATION_LEVEL = 0;
				GCC_PRECOMPILE_PREFIX_HEADER = YES;
				GCC_PREFIX_HEADER = source/gdkit_iphone_Prefix.pch;
				INSTALL_PATH = /usr/local/lib;
				PRODUCT_NAME = "GDKit-iPhone";
			};
			name = Debug;
		};
		1DEB922008733DC00010E9CD /* Release */ = {
			isa = XCBuildConfiguration;
			buildSettings = {
				ALWAYS_SEARCH_USER_PATHS = NO;
				ARCHS = "$(ARCHS_STANDARD_32_BIT)";
				DSTROOT = /tmp/gdkit_iphone.dst;
				GCC_MODEL_TUNING = G5;
				GCC_PRECOMPILE_PREFIX_HEADER = YES;
				GCC_PREFIX_HEADER = source/gdkit_iphone_Prefix.pch;
				INSTALL_PATH = /usr/local/lib;
				PRODUCT_NAME = "GDKit-iPhone";
			};
			name = Release;
		};
		1DEB922308733DC00010E9CD /* Debug */ = {
			isa = XCBuildConfiguration;
			buildSettings = {
				ARCHS = "$(ARCHS_STANDARD_32_BIT)";
				GCC_C_LANGUAGE_STANDARD = c99;
				GCC_OPTIMIZATION_LEVEL = 0;
				GCC_WARN_ABOUT_RETURN_TYPE = YES;
				GCC_WARN_UNUSED_VARIABLE = YES;
				OTHER_LDFLAGS = "-ObjC";
				PREBINDING = NO;
				SDKROOT = iphoneos3.2;
			};
			name = Debug;
		};
		1DEB922408733DC00010E9CD /* Release */ = {
			isa = XCBuildConfiguration;
			buildSettings = {
				ARCHS = "$(ARCHS_STANDARD_32_BIT)";
				GCC_C_LANGUAGE_STANDARD = c99;
				GCC_WARN_ABOUT_RETURN_TYPE = YES;
				GCC_WARN_UNUSED_VARIABLE = YES;
				OTHER_LDFLAGS = "-ObjC";
				PREBINDING = NO;
				SDKROOT = iphoneos3.2;
			};
			name = Release;
		};
/* End XCBuildConfiguration section */

/* Begin XCConfigurationList section */
		1DEB921E08733DC00010E9CD /* Build configuration list for PBXNativeTarget "GDKit-iPhone" */ = {
			isa = XCConfigurationList;
			buildConfigurations = (
				1DEB921F08733DC00010E9CD /* Debug */,
				1DEB922008733DC00010E9CD /* Release */,
			);
			defaultConfigurationIsVisible = 0;
			defaultConfigurationName = Release;
		};
		1DEB922208733DC00010E9CD /* Build configuration list for PBXProject "gdkit-iphone" */ = {
			isa = XCConfigurationList;
			buildConfigurations = (
				1DEB922308733DC00010E9CD /* Debug */,
				1DEB922408733DC00010E9CD /* Release */,
			);
			defaultConfigurationIsVisible = 0;
			defaultConfigurationName = Release;
		};
/* End XCConfigurationList section */
	};
	rootObject = 0867D690FE84028FC02AAC07 /* Project object */;
}
